
Microsoft Visual Studio Solution File, Format Version 12.00
# Visual Studio Version 16
VisualStudioVersion = 16.0.30621.155
MinimumVisualStudioVersion = 10.0.40219.1
Project("{FAE04EC0-301F-11D3-BF4B-00C04F79EFBC}") = "AMEKSA", "AMEKSA\AMEKSA.csproj", "{7D7B51F6-9014-476E-8D45-C5E2A556C597}"
EndProject
Global
	GlobalSection(SolutionConfigurationPlatforms) = preSolution
		Debug|Any CPU = Debug|Any CPU
		Release|Any CPU = Release|Any CPU
	EndGlobalSection
	GlobalSection(ProjectConfigurationPlatforms) = postSolution
		{7D7B51F6-9014-476E-8D45-C5E2A556C597}.Debug|Any CPU.ActiveCfg = Debug|Any CPU
		{7D7B51F6-9014-476E-8D45-C5E2A556C597}.Debug|Any CPU.Build.0 = Debug|Any CPU
		{7D7B51F6-9014-476E-8D45-C5E2A556C597}.Release|Any CPU.ActiveCfg = Release|Any CPU
		{7D7B51F6-9014-476E-8D45-C5E2A556C597}.Release|Any CPU.Build.0 = Release|Any CPU
	EndGlobalSection
	GlobalSection(SolutionProperties) = preSolution
		HideSolutionNode = FALSE
	EndGlobalSection
	GlobalSection(ExtensibilityGlobals) = postSolution
		SolutionGuid = {00CB50EA-4F96-462B-8440-3BDF8884692F}
	EndGlobalSection
EndGlobal
